// !$*UTF8*$!
{
	archiveVersion = 1;
	classes = {
	};
	objectVersion = 50;
	objects = {

/* Begin PBXBuildFile section */
		A0E2EE7F261782450048CB32 /* Position.cpp in Sources */ = {isa = PBXBuildFile; fileRef = A0E2EE7A261782450048CB32 /* Position.cpp */; };
		A0E2EE80261782450048CB32 /* start.cpp in Sources */ = {isa = PBXBuildFile; fileRef = A0E2EE7D261782450048CB32 /* start.cpp */; };
		A0E2EE81261782450048CB32 /* test.cpp in Sources */ = {isa = PBXBuildFile; fileRef = A0E2EE7E261782450048CB32 /* test.cpp */; };
/* End PBXBuildFile section */

/* Begin PBXCopyFilesBuildPhase section */
		A0E2EE6B2617822D0048CB32 /* CopyFiles */ = {
			isa = PBXCopyFilesBuildPhase;
			buildActionMask = 2147483647;
			dstPath = /usr/share/man/man1/;
			dstSubfolderSpec = 0;
			files = (
			);
			runOnlyForDeploymentPostprocessing = 1;
		};
/* End PBXCopyFilesBuildPhase section */

/* Begin PBXFileReference section */
		A0E2EE6D2617822D0048CB32 /* lab9 */ = {isa = PBXFileReference; explicitFileType = "compiled.mach-o.executable"; includeInIndex = 0; path = lab9; sourceTree = BUILT_PRODUCTS_DIR; };
		A0E2EE78261782450048CB32 /* utility.h */ = {isa = PBXFileReference; fileEncoding = 4; lastKnownFileType = sourcecode.c.h; name = utility.h; path = "../../../../starter-files 11/utility.h"; sourceTree = "<group>"; };
		A0E2EE79261782450048CB32 /* Position.h */ = {isa = PBXFileReference; fileEncoding = 4; lastKnownFileType = sourcecode.c.h; name = Position.h; path = "../../../../starter-files 11/Position.h"; sourceTree = "<group>"; };
		A0E2EE7A261782450048CB32 /* Position.cpp */ = {isa = PBXFileReference; fileEncoding = 4; lastKnownFileType = sourcecode.cpp.cpp; name = Position.cpp; path = "../../../../starter-files 11/Position.cpp"; sourceTree = "<group>"; };
		A0E2EE7B261782450048CB32 /* grid2.txt */ = {isa = PBXFileReference; fileEncoding = 4; lastKnownFileType = text; name = grid2.txt; path = "../../../../starter-files 11/grid2.txt"; sourceTree = "<group>"; };
		A0E2EE7C261782450048CB32 /* grid1.txt */ = {isa = PBXFileReference; fileEncoding = 4; lastKnownFileType = text; name = grid1.txt; path = "../../../../starter-files 11/grid1.txt"; sourceTree = "<group>"; };
		A0E2EE7D261782450048CB32 /* start.cpp */ = {isa = PBXFileReference; fileEncoding = 4; lastKnownFileType = sourcecode.cpp.cpp; name = start.cpp; path = "../../../../starter-files 11/start.cpp"; sourceTree = "<group>"; };
		A0E2EE7E261782450048CB32 /* test.cpp */ = {isa = PBXFileReference; fileEncoding = 4; lastKnownFileType = sourcecode.cpp.cpp; name = test.cpp; path = "../../../../starter-files 11/test.cpp"; sourceTree = "<group>"; };
/* End PBXFileReference section */

/* Begin PBXFrameworksBuildPhase section */
		A0E2EE6A2617822D0048CB32 /* Frameworks */ = {
			isa = PBXFrameworksBuildPhase;
			buildActionMask = 2147483647;
			files = (
			);
			runOnlyForDeploymentPostprocessing = 0;
		};
/* End PBXFrameworksBuildPhase section */

/* Begin PBXGroup section */
		A0E2EE642617822D0048CB32 = {
			isa = PBXGroup;
			children = (
				A0E2EE6F2617822D0048CB32 /* lab9 */,
				A0E2EE6E2617822D0048CB32 /* Products */,
			);
			sourceTree = "<group>";
		};
		A0E2EE6E2617822D0048CB32 /* Products */ = {
			isa = PBXGroup;
			children = (
				A0E2EE6D2617822D0048CB32 /* lab9 */,
			);
			name = Products;
			sourceTree = "<group>";
		};
		A0E2EE6F2617822D0048CB32 /* lab9 */ = {
			isa = PBXGroup;
			children = (
				A0E2EE7C261782450048CB32 /* grid1.txt */,
				A0E2EE7B261782450048CB32 /* grid2.txt */,
				A0E2EE7A261782450048CB32 /* Position.cpp */,
				A0E2EE79261782450048CB32 /* Position.h */,
				A0E2EE7D261782450048CB32 /* start.cpp */,
				A0E2EE7E261782450048CB32 /* test.cpp */,
				A0E2EE78261782450048CB32 /* utility.h */,
			);
			path = lab9;
			sourceTree = "<group>";
		};
/* End PBXGroup section */

/* Begin PBXNativeTarget section */
		A0E2EE6C2617822D0048CB32 /* lab9 */ = {
			isa = PBXNativeTarget;
			buildConfigurationList = A0E2EE742617822D0048CB32 /* Build configuration list for PBXNativeTarget "lab9" */;
			buildPhases = (
				A0E2EE692617822D0048CB32 /* Sources */,
				A0E2EE6A2617822D0048CB32 /* Frameworks */,
				A0E2EE6B2617822D0048CB32 /* CopyFiles */,
			);
			buildRules = (
			);
			dependencies = (
			);
			name = lab9;
			productName = lab9;
			productReference = A0E2EE6D2617822D0048CB32 /* lab9 */;
			productType = "com.apple.product-type.tool";
		};
/* End PBXNativeTarget section */

/* Begin PBXProject section */
		A0E2EE652617822D0048CB32 /* Project object */ = {
			isa = PBXProject;
			attributes = {
				LastUpgradeCheck = 1240;
				TargetAttributes = {
					A0E2EE6C2617822D0048CB32 = {
						CreatedOnToolsVersion = 12.4;
					};
				};
			};
			buildConfigurationList = A0E2EE682617822D0048CB32 /* Build configuration list for PBXProject "lab9" */;
			compatibilityVersion = "Xcode 9.3";
			developmentRegion = en;
			hasScannedForEncodings = 0;
			knownRegions = (
				en,
				Base,
			);
			mainGroup = A0E2EE642617822D0048CB32;
			productRefGroup = A0E2EE6E2617822D0048CB32 /* Products */;
			projectDirPath = "";
			projectRoot = "";
			targets = (
				A0E2EE6C2617822D0048CB32 /* lab9 */,
			);
		};
/* End PBXProject section */

/* Begin PBXSourcesBuildPhase section */
		A0E2EE692617822D0048CB32 /* Sources */ = {
			isa = PBXSourcesBuildPhase;
			buildActionMask = 2147483647;
			files = (
				A0E2EE7F261782450048CB32 /* Position.cpp in Sources */,
				A0E2EE81261782450048CB32 /* test.cpp in Sources */,
				A0E2EE80261782450048CB32 /* start.cpp in Sources */,
			);
			runOnlyForDeploymentPostprocessing = 0;
		};
/* End PBXSourcesBuildPhase section */

/* Begin XCBuildConfiguration section */
		A0E2EE722617822D0048CB32 /* Debug */ = {
			isa = XCBuildConfiguration;
			buildSettings = {
				ALWAYS_SEARCH_USER_PATHS = NO;
				CLANG_ANALYZER_NONNULL = YES;
				CLANG_ANALYZER_NUMBER_OBJECT_CONVERSION = YES_AGGRESSIVE;
				CLANG_CXX_LANGUAGE_STANDARD = "gnu++14";
				CLANG_CXX_LIBRARY = "libc++";
				CLANG_ENABLE_MODULES = YES;
				CLANG_ENABLE_OBJC_ARC = YES;
				CLANG_ENABLE_OBJC_WEAK = YES;
				CLANG_WARN_BLOCK_CAPTURE_AUTORELEASING = YES;
				CLANG_WARN_BOOL_CONVERSION = YES;
				CLANG_WARN_COMMA = YES;
				CLANG_WARN_CONSTANT_CONVERSION = YES;
				CLANG_WARN_DEPRECATED_OBJC_IMPLEMENTATIONS = YES;
				CLANG_WARN_DIRECT_OBJC_ISA_USAGE = YES_ERROR;
				CLANG_WARN_DOCUMENTATION_COMMENTS = YES;
				CLANG_WARN_EMPTY_BODY = YES;
				CLANG_WARN_ENUM_CONVERSION = YES;
				CLANG_WARN_INFINITE_RECURSION = YES;
				CLANG_WARN_INT_CONVERSION = YES;
				CLANG_WARN_NON_LITERAL_NULL_CONVERSION = YES;
				CLANG_WARN_OBJC_IMPLICIT_RETAIN_SELF = YES;
				CLANG_WARN_OBJC_LITERAL_CONVERSION = YES;
				CLANG_WARN_OBJC_ROOT_CLASS = YES_ERROR;
				CLANG_WARN_QUOTED_INCLUDE_IN_FRAMEWORK_HEADER = YES;
				CLANG_WARN_RANGE_LOOP_ANALYSIS = YES;
				CLANG_WARN_STRICT_PROTOTYPES = YES;
				CLANG_WARN_SUSPICIOUS_MOVE = YES;
				CLANG_WARN_UNGUARDED_AVAILABILITY = YES_AGGRESSIVE;
				CLANG_WARN_UNREACHABLE_CODE = YES;
				CLANG_WARN__DUPLICATE_METHOD_MATCH = YES;
				COPY_PHASE_STRIP = NO;
				DEBUG_INFORMATION_FORMAT = dwarf;
				ENABLE_STRICT_OBJC_MSGSEND = YES;
				ENABLE_TESTABILITY = YES;
				GCC_C_LANGUAGE_STANDARD = gnu11;
				GCC_DYNAMIC_NO_PIC = NO;
				GCC_NO_COMMON_BLOCKS = YES;
				GCC_OPTIMIZATION_LEVEL = 0;
				GCC_PREPROCESSOR_DEFINITIONS = (
					"DEBUG=1",
					"$(inherited)",
				);
				GCC_WARN_64_TO_32_BIT_CONVERSION = YES;
				GCC_WARN_ABOUT_RETURN_TYPE = YES_ERROR;
				GCC_WARN_UNDECLARED_SELECTOR = YES;
				GCC_WARN_UNINITIALIZED_AUTOS = YES_AGGRESSIVE;
				GCC_WARN_UNUSED_FUNCTION = YES;
				GCC_WARN_UNUSED_VARIABLE = YES;
				MACOSX_DEPLOYMENT_TARGET = 10.15;
				MTL_ENABLE_DEBUG_INFO = INCLUDE_SOURCE;
				MTL_FAST_MATH = YES;
				ONLY_ACTIVE_ARCH = YES;
				SDKROOT = macosx;
			};
			name = Debug;
		};
		A0E2EE732617822D0048CB32 /* Release */ = {
			isa = XCBuildConfiguration;
			buildSettings = {
				ALWAYS_SEARCH_USER_PATHS = NO;
				CLANG_ANALYZER_NONNULL = YES;
				CLANG_ANALYZER_NUMBER_OBJECT_CONVERSION = YES_AGGRESSIVE;
				CLANG_CXX_LANGUAGE_STANDARD = "gnu++14";
				CLANG_CXX_LIBRARY = "libc++";
				CLANG_ENABLE_MODULES = YES;
				CLANG_ENABLE_OBJC_ARC = YES;
				CLANG_ENABLE_OBJC_WEAK = YES;
				CLANG_WARN_BLOCK_CAPTURE_AUTORELEASING = YES;
				CLANG_WARN_BOOL_CONVERSION = YES;
				CLANG_WARN_COMMA = YES;
				CLANG_WARN_CONSTANT_CONVERSION = YES;
				CLANG_WARN_DEPRECATED_OBJC_IMPLEMENTATIONS = YES;
				CLANG_WARN_DIRECT_OBJC_ISA_USAGE = YES_ERROR;
				CLANG_WARN_DOCUMENTATION_COMMENTS = YES;
				CLANG_WARN_EMPTY_BODY = YES;
				CLANG_WARN_ENUM_CONVERSION = YES;
				CLANG_WARN_INFINITE_RECURSION = YES;
				CLANG_WARN_INT_CONVERSION = YES;
				CLANG_WARN_NON_LITERAL_NULL_CONVERSION = YES;
				CLANG_WARN_OBJC_IMPLICIT_RETAIN_SELF = YES;
				CLANG_WARN_OBJC_LITERAL_CONVERSION = YES;
				CLANG_WARN_OBJC_ROOT_CLASS = YES_ERROR;
				CLANG_WARN_QUOTED_INCLUDE_IN_FRAMEWORK_HEADER = YES;
				CLANG_WARN_RANGE_LOOP_ANALYSIS = YES;
				CLANG_WARN_STRICT_PROTOTYPES = YES;
				CLANG_WARN_SUSPICIOUS_MOVE = YES;
				CLANG_WARN_UNGUARDED_AVAILABILITY = YES_AGGRESSIVE;
				CLANG_WARN_UNREACHABLE_CODE = YES;
				CLANG_WARN__DUPLICATE_METHOD_MATCH = YES;
				COPY_PHASE_STRIP = NO;
				DEBUG_INFORMATION_FORMAT = "dwarf-with-dsym";
				ENABLE_NS_ASSERTIONS = NO;
				ENABLE_STRICT_OBJC_MSGSEND = YES;
				GCC_C_LANGUAGE_STANDARD = gnu11;
				GCC_NO_COMMON_BLOCKS = YES;
				GCC_WARN_64_TO_32_BIT_CONVERSION = YES;
				GCC_WARN_ABOUT_RETURN_TYPE = YES_ERROR;
				GCC_WARN_UNDECLARED_SELECTOR = YES;
				GCC_WARN_UNINITIALIZED_AUTOS = YES_AGGRESSIVE;
				GCC_WARN_UNUSED_FUNCTION = YES;
				GCC_WARN_UNUSED_VARIABLE = YES;
				MACOSX_DEPLOYMENT_TARGET = 10.15;
				MTL_ENABLE_DEBUG_INFO = NO;
				MTL_FAST_MATH = YES;
				SDKROOT = macosx;
			};
			name = Release;
		};
		A0E2EE752617822D0048CB32 /* Debug */ = {
			isa = XCBuildConfiguration;
			buildSettings = {
				CODE_SIGN_STYLE = Automatic;
				PRODUCT_NAME = "$(TARGET_NAME)";
			};
			name = Debug;
		};
		A0E2EE762617822D0048CB32 /* Release */ = {
			isa = XCBuildConfiguration;
			buildSettings = {
				CODE_SIGN_STYLE = Automatic;
				PRODUCT_NAME = "$(TARGET_NAME)";
			};
			name = Release;
		};
/* End XCBuildConfiguration section */

/* Begin XCConfigurationList section */
		A0E2EE682617822D0048CB32 /* Build configuration list for PBXProject "lab9" */ = {
			isa = XCConfigurationList;
			buildConfigurations = (
				A0E2EE722617822D0048CB32 /* Debug */,
				A0E2EE732617822D0048CB32 /* Release */,
			);
			defaultConfigurationIsVisible = 0;
			defaultConfigurationName = Release;
		};
		A0E2EE742617822D0048CB32 /* Build configuration list for PBXNativeTarget "lab9" */ = {
			isa = XCConfigurationList;
			buildConfigurations = (
				A0E2EE752617822D0048CB32 /* Debug */,
				A0E2EE762617822D0048CB32 /* Release */,
			);
			defaultConfigurationIsVisible = 0;
			defaultConfigurationName = Release;
		};
/* End XCConfigurationList section */
	};
	rootObject = A0E2EE652617822D0048CB32 /* Project object */;
}
